
Microsoft Visual Studio Solution File, Format Version 12.00
# Visual Studio 15
VisualStudioVersion = 15.0.28307.168
MinimumVisualStudioVersion = 10.0.40219.1
Project("{8BC9CEB8-8B4A-11D0-8D11-00A0C91BC942}") = "YaESP", "YaESP.vcxproj", "{50340DBD-3866-41A9-8EFB-FAA1E7611FFF}"
EndProject
Global
	GlobalSection(SolutionConfigurationPlatforms) = preSolution
		Debug|x64 = Debug|x64
		Debug|x86 = Debug|x86
		Release|x64 = Release|x64
		Release|x86 = Release|x86
	EndGlobalSection
	GlobalSection(ProjectConfigurationPlatforms) = postSolution
		{50340DBD-3866-41A9-8EFB-FAA1E7611FFF}.Debug|x64.ActiveCfg = Debug|x64
		{50340DBD-3866-41A9-8EFB-FAA1E7611FFF}.Debug|x64.Build.0 = Debug|x64
		{50340DBD-3866-41A9-8EFB-FAA1E7611FFF}.Debug|x86.ActiveCfg = Debug|Win32
		{50340DBD-3866-41A9-8EFB-FAA1E7611FFF}.Debug|x86.Build.0 = Debug|Win32
		{50340DBD-3866-41A9-8EFB-FAA1E7611FFF}.Release|x64.ActiveCfg = Release|x64
		{50340DBD-3866-41A9-8EFB-FAA1E7611FFF}.Release|x64.Build.0 = Release|x64
		{50340DBD-3866-41A9-8EFB-FAA1E7611FFF}.Release|x86.ActiveCfg = Release|Win32
		{50340DBD-3866-41A9-8EFB-FAA1E7611FFF}.Release|x86.Build.0 = Release|Win32
	EndGlobalSection
	GlobalSection(SolutionProperties) = preSolution
		HideSolutionNode = FALSE
	EndGlobalSection
	GlobalSection(ExtensibilityGlobals) = postSolution
		SolutionGuid = {2BDB46CB-578F-4F54-8C47-789F0388973E}
	EndGlobalSection
EndGlobal
